
Microsoft Visual Studio Solution File, Format Version 12.00
# Visual Studio Version 17
VisualStudioVersion = 17.0.31903.59
MinimumVisualStudioVersion = 10.0.40219.1
Project("{2150E333-8FDC-42A3-9474-1A3956D46DE8}") = "src", "src", "{203DB6F5-4A9B-4639-926A-9EE051C3C15A}"
EndProject
Project("{FAE04EC0-301F-11D3-BF4B-00C04F79EFBC}") = "ProxyWasm.SDK", "src\ProxyWasm.SDK\ProxyWasm.SDK.csproj", "{2CBBD68A-3657-4B05-9ACB-511A247639DE}"
EndProject
Project("{2150E333-8FDC-42A3-9474-1A3956D46DE8}") = "tests", "tests", "{1EAE7AFC-B270-4CB4-9C04-3F2261EE7615}"
EndProject
Project("{FAE04EC0-301F-11D3-BF4B-00C04F79EFBC}") = "ProxyWasm.SDK.Tests", "tests\ProxyWasm.SDK.Tests\ProxyWasm.SDK.Tests.csproj", "{A2966117-EE65-4CEE-8B06-0FC9242B35AF}"
EndProject
Project("{FAE04EC0-301F-11D3-BF4B-00C04F79EFBC}") = "ProxyWasm.Host", "src\ProxyWasm.Host\ProxyWasm.Host.csproj", "{2C28DAB0-DBAE-4D15-AB6A-BF99710478E2}"
EndProject
Global
	GlobalSection(SolutionConfigurationPlatforms) = preSolution
		Debug|Any CPU = Debug|Any CPU
		Release|Any CPU = Release|Any CPU
	EndGlobalSection
	GlobalSection(SolutionProperties) = preSolution
		HideSolutionNode = FALSE
	EndGlobalSection
	GlobalSection(ProjectConfigurationPlatforms) = postSolution
		{2CBBD68A-3657-4B05-9ACB-511A247639DE}.Debug|Any CPU.ActiveCfg = Debug|Any CPU
		{2CBBD68A-3657-4B05-9ACB-511A247639DE}.Debug|Any CPU.Build.0 = Debug|Any CPU
		{2CBBD68A-3657-4B05-9ACB-511A247639DE}.Release|Any CPU.ActiveCfg = Release|Any CPU
		{2CBBD68A-3657-4B05-9ACB-511A247639DE}.Release|Any CPU.Build.0 = Release|Any CPU
		{A2966117-EE65-4CEE-8B06-0FC9242B35AF}.Debug|Any CPU.ActiveCfg = Debug|Any CPU
		{A2966117-EE65-4CEE-8B06-0FC9242B35AF}.Debug|Any CPU.Build.0 = Debug|Any CPU
		{A2966117-EE65-4CEE-8B06-0FC9242B35AF}.Release|Any CPU.ActiveCfg = Release|Any CPU
		{A2966117-EE65-4CEE-8B06-0FC9242B35AF}.Release|Any CPU.Build.0 = Release|Any CPU
		{2C28DAB0-DBAE-4D15-AB6A-BF99710478E2}.Debug|Any CPU.ActiveCfg = Debug|Any CPU
		{2C28DAB0-DBAE-4D15-AB6A-BF99710478E2}.Debug|Any CPU.Build.0 = Debug|Any CPU
		{2C28DAB0-DBAE-4D15-AB6A-BF99710478E2}.Release|Any CPU.ActiveCfg = Release|Any CPU
		{2C28DAB0-DBAE-4D15-AB6A-BF99710478E2}.Release|Any CPU.Build.0 = Release|Any CPU
	EndGlobalSection
	GlobalSection(NestedProjects) = preSolution
		{2CBBD68A-3657-4B05-9ACB-511A247639DE} = {203DB6F5-4A9B-4639-926A-9EE051C3C15A}
		{A2966117-EE65-4CEE-8B06-0FC9242B35AF} = {1EAE7AFC-B270-4CB4-9C04-3F2261EE7615}
		{2C28DAB0-DBAE-4D15-AB6A-BF99710478E2} = {203DB6F5-4A9B-4639-926A-9EE051C3C15A}
	EndGlobalSection
EndGlobal
